
Microsoft Visual Studio Solution File, Format Version 12.00
# Visual Studio 15
VisualStudioVersion = 15.0.28307.329
MinimumVisualStudioVersion = 10.0.40219.1
Project("{FAE04EC0-301F-11D3-BF4B-00C04F79EFBC}") = "DND Charecter Generator", "DND Charecter Generator\DND Charecter Generator.csproj", "{D88B4ED3-F911-45C7-864D-945F1F17539F}"
EndProject
Global
	GlobalSection(SolutionConfigurationPlatforms) = preSolution
		Debug|Any CPU = Debug|Any CPU
		Release|Any CPU = Release|Any CPU
	EndGlobalSection
	GlobalSection(ProjectConfigurationPlatforms) = postSolution
		{D88B4ED3-F911-45C7-864D-945F1F17539F}.Debug|Any CPU.ActiveCfg = Debug|Any CPU
		{D88B4ED3-F911-45C7-864D-945F1F17539F}.Debug|Any CPU.Build.0 = Debug|Any CPU
		{D88B4ED3-F911-45C7-864D-945F1F17539F}.Release|Any CPU.ActiveCfg = Release|Any CPU
		{D88B4ED3-F911-45C7-864D-945F1F17539F}.Release|Any CPU.Build.0 = Release|Any CPU
	EndGlobalSection
	GlobalSection(SolutionProperties) = preSolution
		HideSolutionNode = FALSE
	EndGlobalSection
	GlobalSection(ExtensibilityGlobals) = postSolution
		SolutionGuid = {4664C6BF-8310-4C2B-9274-D665C6BF8D9E}
	EndGlobalSection
EndGlobal
